
Microsoft Visual Studio Solution File, Format Version 12.00
# Visual Studio Version 17
VisualStudioVersion = 17.5.002.0
MinimumVisualStudioVersion = 10.0.40219.1
Project("{9A19103F-16F7-4668-BE54-9A1E7A4F7556}") = "api", "api\api.csproj", "{9A44116B-0215-45E3-92E1-165DDF09B141}"
EndProject
Global
	GlobalSection(SolutionConfigurationPlatforms) = preSolution
		Debug|Any CPU = Debug|Any CPU
		Release|Any CPU = Release|Any CPU
	EndGlobalSection
	GlobalSection(ProjectConfigurationPlatforms) = postSolution
		{9A44116B-0215-45E3-92E1-165DDF09B141}.Debug|Any CPU.ActiveCfg = Debug|Any CPU
		{9A44116B-0215-45E3-92E1-165DDF09B141}.Debug|Any CPU.Build.0 = Debug|Any CPU
		{9A44116B-0215-45E3-92E1-165DDF09B141}.Release|Any CPU.ActiveCfg = Release|Any CPU
		{9A44116B-0215-45E3-92E1-165DDF09B141}.Release|Any CPU.Build.0 = Release|Any CPU
	EndGlobalSection
	GlobalSection(SolutionProperties) = preSolution
		HideSolutionNode = FALSE
	EndGlobalSection
	GlobalSection(ExtensibilityGlobals) = postSolution
		SolutionGuid = {8F95322A-0E79-4958-93E6-2ED49A9FD1EF}
	EndGlobalSection
EndGlobal
